
Microsoft Visual Studio Solution File, Format Version 12.00
# Visual Studio Version 16
VisualStudioVersion = 16.0.30611.23
MinimumVisualStudioVersion = 10.0.40219.1
Project("{FAE04EC0-301F-11D3-BF4B-00C04F79EFBC}") = "DragonBlog2", "DragonBlog2.csproj", "{D5CD1C55-5D2F-4E39-BC45-A3233FF53D7A}"
EndProject
Global
	GlobalSection(SolutionConfigurationPlatforms) = preSolution
		Debug|Any CPU = Debug|Any CPU
		Release|Any CPU = Release|Any CPU
	EndGlobalSection
	GlobalSection(ProjectConfigurationPlatforms) = postSolution
		{D5CD1C55-5D2F-4E39-BC45-A3233FF53D7A}.Debug|Any CPU.ActiveCfg = Debug|Any CPU
		{D5CD1C55-5D2F-4E39-BC45-A3233FF53D7A}.Debug|Any CPU.Build.0 = Debug|Any CPU
		{D5CD1C55-5D2F-4E39-BC45-A3233FF53D7A}.Release|Any CPU.ActiveCfg = Release|Any CPU
		{D5CD1C55-5D2F-4E39-BC45-A3233FF53D7A}.Release|Any CPU.Build.0 = Release|Any CPU
	EndGlobalSection
	GlobalSection(SolutionProperties) = preSolution
		HideSolutionNode = FALSE
	EndGlobalSection
	GlobalSection(ExtensibilityGlobals) = postSolution
		SolutionGuid = {1E8E047C-F3A3-4E4E-83FE-B9C7C65A4462}
	EndGlobalSection
EndGlobal
